
Microsoft Visual Studio Solution File, Format Version 12.00
# Visual Studio 2013
VisualStudioVersion = 12.0.31101.0
MinimumVisualStudioVersion = 10.0.40219.1
Project("{FAE04EC0-301F-11D3-BF4B-00C04F79EFBC}") = "Servidor", "Servidor\Servidor.csproj", "{AAF7D4C6-6F84-4B02-9372-449FF3CFAA86}"
EndProject
Global
	GlobalSection(SolutionConfigurationPlatforms) = preSolution
		Debug|Any CPU = Debug|Any CPU
		Release|Any CPU = Release|Any CPU
	EndGlobalSection
	GlobalSection(ProjectConfigurationPlatforms) = postSolution
		{AAF7D4C6-6F84-4B02-9372-449FF3CFAA86}.Debug|Any CPU.ActiveCfg = Debug|Any CPU
		{AAF7D4C6-6F84-4B02-9372-449FF3CFAA86}.Debug|Any CPU.Build.0 = Debug|Any CPU
		{AAF7D4C6-6F84-4B02-9372-449FF3CFAA86}.Release|Any CPU.ActiveCfg = Release|Any CPU
		{AAF7D4C6-6F84-4B02-9372-449FF3CFAA86}.Release|Any CPU.Build.0 = Release|Any CPU
	EndGlobalSection
	GlobalSection(SolutionProperties) = preSolution
		HideSolutionNode = FALSE
	EndGlobalSection
EndGlobal
